{
  "lockfileVersion": 1,
  "configVersion": 1,
  "workspaces": {
    "": {
      "name": "tree-sitter-mcfunction",
      "dependencies": {
        "adm-zip": "^0.5.16",
        "node-addon-api": "^8.3.1",
        "node-gyp-build": "^4.8.4",
        "vscode-oniguruma": "^2.0.1",
        "vscode-textmate": "^9.3.2",
        "web-tree-sitter": "^0.26.7",
      },
      "devDependencies": {
        "tree-sitter-cli": "^0.25.3",
      },
    },
  },
  "packages": {
    "adm-zip": ["adm-zip@0.5.16", "", {}, "sha512-TGw5yVi4saajsSEgz25grObGHEUaDrniwvA2qwSC060KfqGPdglhvPMA2lPIoxs3PQIItj2iag35fONcQqgUaQ=="],

    "node-addon-api": ["node-addon-api@8.6.0", "", {}, "sha512-gBVjCaqDlRUk0EwoPNKzIr9KkS9041G/q31IBShPs1Xz6UTA+EXdZADbzqAJQrpDRq71CIMnOP5VMut3SL0z5Q=="],

    "node-gyp-build": ["node-gyp-build@4.8.4", "", { "bin": { "node-gyp-build": "bin.js", "node-gyp-build-optional": "optional.js", "node-gyp-build-test": "build-test.js" } }, "sha512-LA4ZjwlnUblHVgq0oBF3Jl/6h/Nvs5fzBLwdEF4nuxnFdsfajde4WfxtJr3CaiH+F6ewcIB/q4jQ4UzPyid+CQ=="],

    "tree-sitter-cli": ["tree-sitter-cli@0.25.10", "", { "bin": { "tree-sitter": "cli.js" } }, "sha512-KoebQguKMCIghisEOdA372TIbrUl0kdnfZ9YQIBRAeOvNSKe85XbU4LuFW7hduRUwJj0rAG7pX5wo9sZhbBF1g=="],

    "vscode-oniguruma": ["vscode-oniguruma@2.0.1", "", {}, "sha512-poJU8iHIWnC3vgphJnrLZyI3YdqRlR27xzqDmpPXYzA93R4Gk8z7T6oqDzDoHjoikA2aS82crdXFkjELCdJsjQ=="],

    "vscode-textmate": ["vscode-textmate@9.3.2", "", {}, "sha512-n2uGbUcrjhUEBH16uGA0TvUfhWwliFZ1e3+pTjrkim1Mt7ydB41lV08aUvsi70OlzDWp6X7Bx3w/x3fAXIsN0Q=="],

    "web-tree-sitter": ["web-tree-sitter@0.26.7", "", {}, "sha512-KiZhelTvBA/ziUHEO7Emb75cGVAq8iGZNabYaZm53Zpy50NsXyOW+xSHlwHt5CVg/TRPZBfeVLTTobF0LjFJ1w=="],
  }
}
